
Microsoft Visual Studio Solution File, Format Version 12.00
# Visual Studio 15
VisualStudioVersion = 15.0.26430.15
MinimumVisualStudioVersion = 10.0.40219.1
Project("{2150E333-8FDC-42A3-9474-1A3956D46DE8}") = "2. Tests", "2. Tests", "{FD0B8AF4-D070-4065-A048-BE34DA9601D3}"
EndProject
Project("{2150E333-8FDC-42A3-9474-1A3956D46DE8}") = "1. Library", "1. Library", "{1F484FA8-A175-4ED5-B28F-AF97BFEE1311}"
EndProject
Project("{FAE04EC0-301F-11D3-BF4B-00C04F79EFBC}") = "wikia.unit.tests", "tests\unit\wikia.unit.tests\wikia.unit.tests.csproj", "{3B1FC6C7-8623-43F8-BB87-FEEF89B8502E}"
EndProject
Project("{FAE04EC0-301F-11D3-BF4B-00C04F79EFBC}") = "wikia", "src\wikia\wikia.csproj", "{B87F3727-130A-48EF-B9A1-DF7622A50A1B}"
EndProject
Global
	GlobalSection(SolutionConfigurationPlatforms) = preSolution
		Debug|Any CPU = Debug|Any CPU
		Release|Any CPU = Release|Any CPU
	EndGlobalSection
	GlobalSection(ProjectConfigurationPlatforms) = postSolution
		{3B1FC6C7-8623-43F8-BB87-FEEF89B8502E}.Debug|Any CPU.ActiveCfg = Debug|Any CPU
		{3B1FC6C7-8623-43F8-BB87-FEEF89B8502E}.Debug|Any CPU.Build.0 = Debug|Any CPU
		{3B1FC6C7-8623-43F8-BB87-FEEF89B8502E}.Release|Any CPU.ActiveCfg = Release|Any CPU
		{3B1FC6C7-8623-43F8-BB87-FEEF89B8502E}.Release|Any CPU.Build.0 = Release|Any CPU
		{B87F3727-130A-48EF-B9A1-DF7622A50A1B}.Debug|Any CPU.ActiveCfg = Debug|Any CPU
		{B87F3727-130A-48EF-B9A1-DF7622A50A1B}.Debug|Any CPU.Build.0 = Debug|Any CPU
		{B87F3727-130A-48EF-B9A1-DF7622A50A1B}.Release|Any CPU.ActiveCfg = Release|Any CPU
		{B87F3727-130A-48EF-B9A1-DF7622A50A1B}.Release|Any CPU.Build.0 = Release|Any CPU
	EndGlobalSection
	GlobalSection(SolutionProperties) = preSolution
		HideSolutionNode = FALSE
	EndGlobalSection
	GlobalSection(NestedProjects) = preSolution
		{3B1FC6C7-8623-43F8-BB87-FEEF89B8502E} = {FD0B8AF4-D070-4065-A048-BE34DA9601D3}
		{B87F3727-130A-48EF-B9A1-DF7622A50A1B} = {1F484FA8-A175-4ED5-B28F-AF97BFEE1311}
	EndGlobalSection
EndGlobal
